
Microsoft Visual Studio Solution File, Format Version 12.00
# Visual Studio Version 17
VisualStudioVersion = 17.7.34024.191
MinimumVisualStudioVersion = 10.0.40219.1
Project("{9A19103F-16F7-4668-BE54-9A1E7A4F7556}") = "TicketProgram", "TicketProgram\TicketProgram.csproj", "{5557FDF0-7981-431A-B5EF-A97F162D0509}"
EndProject
Project("{FAE04EC0-301F-11D3-BF4B-00C04F79EFBC}") = "TicketProgramTests", "TicketProgramTests\TicketProgramTests.csproj", "{9568AB50-BCE3-4E9B-8153-972537B17322}"
EndProject
Global
	GlobalSection(SolutionConfigurationPlatforms) = preSolution
		Debug|Any CPU = Debug|Any CPU
		Release|Any CPU = Release|Any CPU
	EndGlobalSection
	GlobalSection(ProjectConfigurationPlatforms) = postSolution
		{5557FDF0-7981-431A-B5EF-A97F162D0509}.Debug|Any CPU.ActiveCfg = Debug|Any CPU
		{5557FDF0-7981-431A-B5EF-A97F162D0509}.Debug|Any CPU.Build.0 = Debug|Any CPU
		{5557FDF0-7981-431A-B5EF-A97F162D0509}.Release|Any CPU.ActiveCfg = Release|Any CPU
		{5557FDF0-7981-431A-B5EF-A97F162D0509}.Release|Any CPU.Build.0 = Release|Any CPU
		{9568AB50-BCE3-4E9B-8153-972537B17322}.Debug|Any CPU.ActiveCfg = Debug|Any CPU
		{9568AB50-BCE3-4E9B-8153-972537B17322}.Debug|Any CPU.Build.0 = Debug|Any CPU
		{9568AB50-BCE3-4E9B-8153-972537B17322}.Release|Any CPU.ActiveCfg = Release|Any CPU
		{9568AB50-BCE3-4E9B-8153-972537B17322}.Release|Any CPU.Build.0 = Release|Any CPU
	EndGlobalSection
	GlobalSection(SolutionProperties) = preSolution
		HideSolutionNode = FALSE
	EndGlobalSection
	GlobalSection(ExtensibilityGlobals) = postSolution
		SolutionGuid = {3F21046D-BB2B-4C18-8108-B767D2DD4DB0}
	EndGlobalSection
EndGlobal
